
Microsoft Visual Studio Solution File, Format Version 12.00
# Visual Studio Version 16
VisualStudioVersion = 16.0.30204.135
MinimumVisualStudioVersion = 10.0.40219.1
Project("{FAE04EC0-301F-11D3-BF4B-00C04F79EFBC}") = "PracticeTextRPG", "PracticeTextRPG\PracticeTextRPG.csproj", "{4A16AEB3-8729-4A37-93DE-534B17D90AEA}"
EndProject
Global
	GlobalSection(SolutionConfigurationPlatforms) = preSolution
		Debug|Any CPU = Debug|Any CPU
		Release|Any CPU = Release|Any CPU
	EndGlobalSection
	GlobalSection(ProjectConfigurationPlatforms) = postSolution
		{4A16AEB3-8729-4A37-93DE-534B17D90AEA}.Debug|Any CPU.ActiveCfg = Debug|Any CPU
		{4A16AEB3-8729-4A37-93DE-534B17D90AEA}.Debug|Any CPU.Build.0 = Debug|Any CPU
		{4A16AEB3-8729-4A37-93DE-534B17D90AEA}.Release|Any CPU.ActiveCfg = Release|Any CPU
		{4A16AEB3-8729-4A37-93DE-534B17D90AEA}.Release|Any CPU.Build.0 = Release|Any CPU
	EndGlobalSection
	GlobalSection(SolutionProperties) = preSolution
		HideSolutionNode = FALSE
	EndGlobalSection
	GlobalSection(ExtensibilityGlobals) = postSolution
		SolutionGuid = {50F0A642-1337-41A7-946D-7FEA428936BD}
	EndGlobalSection
EndGlobal
